
Microsoft Visual Studio Solution File, Format Version 12.00
# Visual Studio Version 17
VisualStudioVersion = 17.10.35122.118
MinimumVisualStudioVersion = 10.0.40219.1
Project("{9A19103F-16F7-4668-BE54-9A1E7A4F7556}") = "OAuth-TestProject", "OAuth-TestProject\OAuth-TestProject.csproj", "{3CC08698-6AE8-4A53-AEA5-60816661AAE9}"
EndProject
Project("{9A19103F-16F7-4668-BE54-9A1E7A4F7556}") = "ProxyServer-Yarp", "ProxyServer-Yarp\ProxyServer-Yarp.csproj", "{D8927E97-59A6-43D4-96E6-9FF1EC5E1581}"
EndProject
Project("{9A19103F-16F7-4668-BE54-9A1E7A4F7556}") = "ResourceServer_Images", "ImageResource-Server\ResourceServer_Images.csproj", "{DAD78A42-24C5-46FF-944D-5FCCAF77FDC5}"
EndProject
Project("{FAE04EC0-301F-11D3-BF4B-00C04F79EFBC}") = "BlazorClient", "BlazorClient\BlazorClient.csproj", "{3B30A3EB-D5CA-4C48-BF64-773B538A8495}"
EndProject
Global
	GlobalSection(SolutionConfigurationPlatforms) = preSolution
		Debug|Any CPU = Debug|Any CPU
		Release|Any CPU = Release|Any CPU
	EndGlobalSection
	GlobalSection(ProjectConfigurationPlatforms) = postSolution
		{3CC08698-6AE8-4A53-AEA5-60816661AAE9}.Debug|Any CPU.ActiveCfg = Debug|Any CPU
		{3CC08698-6AE8-4A53-AEA5-60816661AAE9}.Debug|Any CPU.Build.0 = Debug|Any CPU
		{3CC08698-6AE8-4A53-AEA5-60816661AAE9}.Release|Any CPU.ActiveCfg = Release|Any CPU
		{3CC08698-6AE8-4A53-AEA5-60816661AAE9}.Release|Any CPU.Build.0 = Release|Any CPU
		{D8927E97-59A6-43D4-96E6-9FF1EC5E1581}.Debug|Any CPU.ActiveCfg = Debug|Any CPU
		{D8927E97-59A6-43D4-96E6-9FF1EC5E1581}.Debug|Any CPU.Build.0 = Debug|Any CPU
		{D8927E97-59A6-43D4-96E6-9FF1EC5E1581}.Release|Any CPU.ActiveCfg = Release|Any CPU
		{D8927E97-59A6-43D4-96E6-9FF1EC5E1581}.Release|Any CPU.Build.0 = Release|Any CPU
		{DAD78A42-24C5-46FF-944D-5FCCAF77FDC5}.Debug|Any CPU.ActiveCfg = Debug|Any CPU
		{DAD78A42-24C5-46FF-944D-5FCCAF77FDC5}.Debug|Any CPU.Build.0 = Debug|Any CPU
		{DAD78A42-24C5-46FF-944D-5FCCAF77FDC5}.Release|Any CPU.ActiveCfg = Release|Any CPU
		{DAD78A42-24C5-46FF-944D-5FCCAF77FDC5}.Release|Any CPU.Build.0 = Release|Any CPU
		{3B30A3EB-D5CA-4C48-BF64-773B538A8495}.Debug|Any CPU.ActiveCfg = Debug|Any CPU
		{3B30A3EB-D5CA-4C48-BF64-773B538A8495}.Debug|Any CPU.Build.0 = Debug|Any CPU
		{3B30A3EB-D5CA-4C48-BF64-773B538A8495}.Release|Any CPU.ActiveCfg = Release|Any CPU
		{3B30A3EB-D5CA-4C48-BF64-773B538A8495}.Release|Any CPU.Build.0 = Release|Any CPU
	EndGlobalSection
	GlobalSection(SolutionProperties) = preSolution
		HideSolutionNode = FALSE
	EndGlobalSection
	GlobalSection(ExtensibilityGlobals) = postSolution
		SolutionGuid = {F1F4A35F-4B3C-4DB3-9D2B-30B4E545C761}
	EndGlobalSection
EndGlobal
